
Microsoft Visual Studio Solution File, Format Version 12.00
# Visual Studio Version 17
VisualStudioVersion = 17.0.31903.59
MinimumVisualStudioVersion = 10.0.40219.1
Project("{FAE04EC0-301F-11D3-BF4B-00C04F79EFBC}") = "PRN232.LMS.Gateway", "PRN232.LMS.Gateway\PRN232.LMS.Gateway.csproj", "{D388B866-1255-4736-BE53-B496C0E924C7}"
EndProject
Project("{FAE04EC0-301F-11D3-BF4B-00C04F79EFBC}") = "PRN232.LMS.IdentityService", "PRN232.LMS.IdentityService\PRN232.LMS.IdentityService.csproj", "{74AF4D4F-E2A2-409E-8F4D-1F635F51BE8D}"
EndProject
Project("{FAE04EC0-301F-11D3-BF4B-00C04F79EFBC}") = "PRN232.LMS.StudentService", "PRN232.LMS.StudentService\PRN232.LMS.StudentService.csproj", "{AEFB09E2-2037-42AC-B907-895D05F5F831}"
EndProject
Project("{FAE04EC0-301F-11D3-BF4B-00C04F79EFBC}") = "PRN232.LMS.CourseService", "PRN232.LMS.CourseService\PRN232.LMS.CourseService.csproj", "{CAEE9E37-007C-43A8-968E-66D1DD4850E0}"
EndProject
Global
	GlobalSection(SolutionConfigurationPlatforms) = preSolution
		Debug|Any CPU = Debug|Any CPU
		Debug|x64 = Debug|x64
		Debug|x86 = Debug|x86
		Release|Any CPU = Release|Any CPU
		Release|x64 = Release|x64
		Release|x86 = Release|x86
	EndGlobalSection
	GlobalSection(ProjectConfigurationPlatforms) = postSolution
		{D388B866-1255-4736-BE53-B496C0E924C7}.Debug|Any CPU.ActiveCfg = Debug|Any CPU
		{D388B866-1255-4736-BE53-B496C0E924C7}.Debug|Any CPU.Build.0 = Debug|Any CPU
		{D388B866-1255-4736-BE53-B496C0E924C7}.Debug|x64.ActiveCfg = Debug|Any CPU
		{D388B866-1255-4736-BE53-B496C0E924C7}.Debug|x64.Build.0 = Debug|Any CPU
		{D388B866-1255-4736-BE53-B496C0E924C7}.Debug|x86.ActiveCfg = Debug|Any CPU
		{D388B866-1255-4736-BE53-B496C0E924C7}.Debug|x86.Build.0 = Debug|Any CPU
		{D388B866-1255-4736-BE53-B496C0E924C7}.Release|Any CPU.ActiveCfg = Release|Any CPU
		{D388B866-1255-4736-BE53-B496C0E924C7}.Release|Any CPU.Build.0 = Release|Any CPU
		{D388B866-1255-4736-BE53-B496C0E924C7}.Release|x64.ActiveCfg = Release|Any CPU
		{D388B866-1255-4736-BE53-B496C0E924C7}.Release|x64.Build.0 = Release|Any CPU
		{D388B866-1255-4736-BE53-B496C0E924C7}.Release|x86.ActiveCfg = Release|Any CPU
		{D388B866-1255-4736-BE53-B496C0E924C7}.Release|x86.Build.0 = Release|Any CPU
		{74AF4D4F-E2A2-409E-8F4D-1F635F51BE8D}.Debug|Any CPU.ActiveCfg = Debug|Any CPU
		{74AF4D4F-E2A2-409E-8F4D-1F635F51BE8D}.Debug|Any CPU.Build.0 = Debug|Any CPU
		{74AF4D4F-E2A2-409E-8F4D-1F635F51BE8D}.Debug|x64.ActiveCfg = Debug|Any CPU
		{74AF4D4F-E2A2-409E-8F4D-1F635F51BE8D}.Debug|x64.Build.0 = Debug|Any CPU
		{74AF4D4F-E2A2-409E-8F4D-1F635F51BE8D}.Debug|x86.ActiveCfg = Debug|Any CPU
		{74AF4D4F-E2A2-409E-8F4D-1F635F51BE8D}.Debug|x86.Build.0 = Debug|Any CPU
		{74AF4D4F-E2A2-409E-8F4D-1F635F51BE8D}.Release|Any CPU.ActiveCfg = Release|Any CPU
		{74AF4D4F-E2A2-409E-8F4D-1F635F51BE8D}.Release|Any CPU.Build.0 = Release|Any CPU
		{74AF4D4F-E2A2-409E-8F4D-1F635F51BE8D}.Release|x64.ActiveCfg = Release|Any CPU
		{74AF4D4F-E2A2-409E-8F4D-1F635F51BE8D}.Release|x64.Build.0 = Release|Any CPU
		{74AF4D4F-E2A2-409E-8F4D-1F635F51BE8D}.Release|x86.ActiveCfg = Release|Any CPU
		{74AF4D4F-E2A2-409E-8F4D-1F635F51BE8D}.Release|x86.Build.0 = Release|Any CPU
		{AEFB09E2-2037-42AC-B907-895D05F5F831}.Debug|Any CPU.ActiveCfg = Debug|Any CPU
		{AEFB09E2-2037-42AC-B907-895D05F5F831}.Debug|Any CPU.Build.0 = Debug|Any CPU
		{AEFB09E2-2037-42AC-B907-895D05F5F831}.Debug|x64.ActiveCfg = Debug|Any CPU
		{AEFB09E2-2037-42AC-B907-895D05F5F831}.Debug|x64.Build.0 = Debug|Any CPU
		{AEFB09E2-2037-42AC-B907-895D05F5F831}.Debug|x86.ActiveCfg = Debug|Any CPU
		{AEFB09E2-2037-42AC-B907-895D05F5F831}.Debug|x86.Build.0 = Debug|Any CPU
		{AEFB09E2-2037-42AC-B907-895D05F5F831}.Release|Any CPU.ActiveCfg = Release|Any CPU
		{AEFB09E2-2037-42AC-B907-895D05F5F831}.Release|Any CPU.Build.0 = Release|Any CPU
		{AEFB09E2-2037-42AC-B907-895D05F5F831}.Release|x64.ActiveCfg = Release|Any CPU
		{AEFB09E2-2037-42AC-B907-895D05F5F831}.Release|x64.Build.0 = Release|Any CPU
		{AEFB09E2-2037-42AC-B907-895D05F5F831}.Release|x86.ActiveCfg = Release|Any CPU
		{AEFB09E2-2037-42AC-B907-895D05F5F831}.Release|x86.Build.0 = Release|Any CPU
		{CAEE9E37-007C-43A8-968E-66D1DD4850E0}.Debug|Any CPU.ActiveCfg = Debug|Any CPU
		{CAEE9E37-007C-43A8-968E-66D1DD4850E0}.Debug|Any CPU.Build.0 = Debug|Any CPU
		{CAEE9E37-007C-43A8-968E-66D1DD4850E0}.Debug|x64.ActiveCfg = Debug|Any CPU
		{CAEE9E37-007C-43A8-968E-66D1DD4850E0}.Debug|x64.Build.0 = Debug|Any CPU
		{CAEE9E37-007C-43A8-968E-66D1DD4850E0}.Debug|x86.ActiveCfg = Debug|Any CPU
		{CAEE9E37-007C-43A8-968E-66D1DD4850E0}.Debug|x86.Build.0 = Debug|Any CPU
		{CAEE9E37-007C-43A8-968E-66D1DD4850E0}.Release|Any CPU.ActiveCfg = Release|Any CPU
		{CAEE9E37-007C-43A8-968E-66D1DD4850E0}.Release|Any CPU.Build.0 = Release|Any CPU
		{CAEE9E37-007C-43A8-968E-66D1DD4850E0}.Release|x64.ActiveCfg = Release|Any CPU
		{CAEE9E37-007C-43A8-968E-66D1DD4850E0}.Release|x64.Build.0 = Release|Any CPU
		{CAEE9E37-007C-43A8-968E-66D1DD4850E0}.Release|x86.ActiveCfg = Release|Any CPU
		{CAEE9E37-007C-43A8-968E-66D1DD4850E0}.Release|x86.Build.0 = Release|Any CPU
	EndGlobalSection
	GlobalSection(SolutionProperties) = preSolution
		HideSolutionNode = FALSE
	EndGlobalSection
EndGlobal
